
Microsoft Visual Studio Solution File, Format Version 12.00
# Visual Studio Version 17
VisualStudioVersion = 17.3.32922.545
MinimumVisualStudioVersion = 10.0.40219.1
Project("{8BC9CEB8-8B4A-11D0-8D11-00A0C91BC942}") = "Project1", "Project1\Project1.vcxproj", "{3FC6D00B-8F9D-469E-9FB5-963FCC986F56}"
EndProject
Project("{8BC9CEB8-8B4A-11D0-8D11-00A0C91BC942}") = "DNA解密优化版", "DNA解密优化版\DNA解密优化版.vcxproj", "{E23BF0E9-8546-43E1-8F14-ECFCCFCD837C}"
EndProject
Global
	GlobalSection(SolutionConfigurationPlatforms) = preSolution
		Debug|x64 = Debug|x64
		Debug|x86 = Debug|x86
		Release|x64 = Release|x64
		Release|x86 = Release|x86
	EndGlobalSection
	GlobalSection(ProjectConfigurationPlatforms) = postSolution
		{3FC6D00B-8F9D-469E-9FB5-963FCC986F56}.Debug|x64.ActiveCfg = Debug|x64
		{3FC6D00B-8F9D-469E-9FB5-963FCC986F56}.Debug|x64.Build.0 = Debug|x64
		{3FC6D00B-8F9D-469E-9FB5-963FCC986F56}.Debug|x86.ActiveCfg = Debug|Win32
		{3FC6D00B-8F9D-469E-9FB5-963FCC986F56}.Debug|x86.Build.0 = Debug|Win32
		{3FC6D00B-8F9D-469E-9FB5-963FCC986F56}.Release|x64.ActiveCfg = Release|x64
		{3FC6D00B-8F9D-469E-9FB5-963FCC986F56}.Release|x64.Build.0 = Release|x64
		{3FC6D00B-8F9D-469E-9FB5-963FCC986F56}.Release|x86.ActiveCfg = Release|Win32
		{3FC6D00B-8F9D-469E-9FB5-963FCC986F56}.Release|x86.Build.0 = Release|Win32
		{E23BF0E9-8546-43E1-8F14-ECFCCFCD837C}.Debug|x64.ActiveCfg = Debug|x64
		{E23BF0E9-8546-43E1-8F14-ECFCCFCD837C}.Debug|x64.Build.0 = Debug|x64
		{E23BF0E9-8546-43E1-8F14-ECFCCFCD837C}.Debug|x86.ActiveCfg = Debug|Win32
		{E23BF0E9-8546-43E1-8F14-ECFCCFCD837C}.Debug|x86.Build.0 = Debug|Win32
		{E23BF0E9-8546-43E1-8F14-ECFCCFCD837C}.Release|x64.ActiveCfg = Release|x64
		{E23BF0E9-8546-43E1-8F14-ECFCCFCD837C}.Release|x64.Build.0 = Release|x64
		{E23BF0E9-8546-43E1-8F14-ECFCCFCD837C}.Release|x86.ActiveCfg = Release|Win32
		{E23BF0E9-8546-43E1-8F14-ECFCCFCD837C}.Release|x86.Build.0 = Release|Win32
	EndGlobalSection
	GlobalSection(SolutionProperties) = preSolution
		HideSolutionNode = FALSE
	EndGlobalSection
	GlobalSection(ExtensibilityGlobals) = postSolution
		SolutionGuid = {868FD07A-BFAC-41DF-A5B8-D90AB1125316}
	EndGlobalSection
EndGlobal
